
Microsoft Visual Studio Solution File, Format Version 12.00
# Visual Studio Version 17
VisualStudioVersion = 17.9.34701.34
MinimumVisualStudioVersion = 10.0.40219.1
Project("{FAE04EC0-301F-11D3-BF4B-00C04F79EFBC}") = "WebAPI_Video", "WebAPI_Video\WebAPI_Video.csproj", "{9FF8EE20-5FA8-44B1-9B53-F76836BDF397}"
EndProject
Global
	GlobalSection(SolutionConfigurationPlatforms) = preSolution
		Debug|Any CPU = Debug|Any CPU
		Release|Any CPU = Release|Any CPU
	EndGlobalSection
	GlobalSection(ProjectConfigurationPlatforms) = postSolution
		{9FF8EE20-5FA8-44B1-9B53-F76836BDF397}.Debug|Any CPU.ActiveCfg = Debug|Any CPU
		{9FF8EE20-5FA8-44B1-9B53-F76836BDF397}.Debug|Any CPU.Build.0 = Debug|Any CPU
		{9FF8EE20-5FA8-44B1-9B53-F76836BDF397}.Release|Any CPU.ActiveCfg = Release|Any CPU
		{9FF8EE20-5FA8-44B1-9B53-F76836BDF397}.Release|Any CPU.Build.0 = Release|Any CPU
	EndGlobalSection
	GlobalSection(SolutionProperties) = preSolution
		HideSolutionNode = FALSE
	EndGlobalSection
	GlobalSection(ExtensibilityGlobals) = postSolution
		SolutionGuid = {87161EE3-AA45-496E-9633-1939B67BF288}
	EndGlobalSection
EndGlobal
